
Microsoft Visual Studio Solution File, Format Version 12.00
# Visual Studio Version 16
VisualStudioVersion = 16.0.31702.278
MinimumVisualStudioVersion = 10.0.40219.1
Project("{9A19103F-16F7-4668-BE54-9A1E7A4F7556}") = "Core.Domain", "Core.Domain\Core.Domain.csproj", "{70375429-D256-47E8-816D-9EFEA16AA028}"
EndProject
Project("{9A19103F-16F7-4668-BE54-9A1E7A4F7556}") = "Core.Application", "Core.Application\Core.Application.csproj", "{166704E0-6790-45F7-9E0E-70940BC11604}"
EndProject
Project("{9A19103F-16F7-4668-BE54-9A1E7A4F7556}") = "Core.Infra.Data", "Core.Infra.Data\Core.Infra.Data.csproj", "{996EFCE8-503B-4544-A59F-2785757F10DB}"
EndProject
Project("{9A19103F-16F7-4668-BE54-9A1E7A4F7556}") = "Core.Infra.IoC", "Core.Infra.IoC\Core.Infra.IoC.csproj", "{AFAA1AC3-189D-4263-A489-B3C8404F69A2}"
EndProject
Project("{9A19103F-16F7-4668-BE54-9A1E7A4F7556}") = "Core.WebUI", "Core.WebUI\Core.WebUI.csproj", "{45DD2FA3-0735-4851-A103-67719EC1E5A9}"
EndProject
Project("{9A19103F-16F7-4668-BE54-9A1E7A4F7556}") = "Core.Domain.Tests", "Core.Domain.Tests\Core.Domain.Tests.csproj", "{C7D86FA4-F0FF-44F7-9830-5616A7E49264}"
EndProject
Project("{9A19103F-16F7-4668-BE54-9A1E7A4F7556}") = "Core.API", "Core.API\Core.API.csproj", "{386448BD-5DD2-452F-961E-C5D62EE86929}"
EndProject
Project("{2150E333-8FDC-42A3-9474-1A3956D46DE8}") = "1 - Presentation", "1 - Presentation", "{74334D24-6FD6-47BF-8B64-774194B4C52B}"
EndProject
Project("{2150E333-8FDC-42A3-9474-1A3956D46DE8}") = "2 - Application", "2 - Application", "{21C2315D-0BCF-4DEA-BFCA-12D603D045D9}"
EndProject
Project("{2150E333-8FDC-42A3-9474-1A3956D46DE8}") = "3 - Domain", "3 - Domain", "{C63DD1A1-DA59-440F-8AA6-0C7D33CDB3E4}"
EndProject
Project("{2150E333-8FDC-42A3-9474-1A3956D46DE8}") = "4 - Infra", "4 - Infra", "{2C539610-EE6F-46F0-90A5-DAA633EDBB11}"
EndProject
Project("{2150E333-8FDC-42A3-9474-1A3956D46DE8}") = "4.1 - Data", "4.1 - Data", "{22524F23-A8AD-4289-9CDF-B6545DBCCB8F}"
EndProject
Project("{2150E333-8FDC-42A3-9474-1A3956D46DE8}") = "4.2 - CrossCutting", "4.2 - CrossCutting", "{A6361A25-DD53-4601-A330-AEB037B0C13E}"
EndProject
Global
	GlobalSection(SolutionConfigurationPlatforms) = preSolution
		Debug|Any CPU = Debug|Any CPU
		Release|Any CPU = Release|Any CPU
	EndGlobalSection
	GlobalSection(ProjectConfigurationPlatforms) = postSolution
		{70375429-D256-47E8-816D-9EFEA16AA028}.Debug|Any CPU.ActiveCfg = Debug|Any CPU
		{70375429-D256-47E8-816D-9EFEA16AA028}.Debug|Any CPU.Build.0 = Debug|Any CPU
		{70375429-D256-47E8-816D-9EFEA16AA028}.Release|Any CPU.ActiveCfg = Release|Any CPU
		{70375429-D256-47E8-816D-9EFEA16AA028}.Release|Any CPU.Build.0 = Release|Any CPU
		{166704E0-6790-45F7-9E0E-70940BC11604}.Debug|Any CPU.ActiveCfg = Debug|Any CPU
		{166704E0-6790-45F7-9E0E-70940BC11604}.Debug|Any CPU.Build.0 = Debug|Any CPU
		{166704E0-6790-45F7-9E0E-70940BC11604}.Release|Any CPU.ActiveCfg = Release|Any CPU
		{166704E0-6790-45F7-9E0E-70940BC11604}.Release|Any CPU.Build.0 = Release|Any CPU
		{996EFCE8-503B-4544-A59F-2785757F10DB}.Debug|Any CPU.ActiveCfg = Debug|Any CPU
		{996EFCE8-503B-4544-A59F-2785757F10DB}.Debug|Any CPU.Build.0 = Debug|Any CPU
		{996EFCE8-503B-4544-A59F-2785757F10DB}.Release|Any CPU.ActiveCfg = Release|Any CPU
		{996EFCE8-503B-4544-A59F-2785757F10DB}.Release|Any CPU.Build.0 = Release|Any CPU
		{AFAA1AC3-189D-4263-A489-B3C8404F69A2}.Debug|Any CPU.ActiveCfg = Debug|Any CPU
		{AFAA1AC3-189D-4263-A489-B3C8404F69A2}.Debug|Any CPU.Build.0 = Debug|Any CPU
		{AFAA1AC3-189D-4263-A489-B3C8404F69A2}.Release|Any CPU.ActiveCfg = Release|Any CPU
		{AFAA1AC3-189D-4263-A489-B3C8404F69A2}.Release|Any CPU.Build.0 = Release|Any CPU
		{45DD2FA3-0735-4851-A103-67719EC1E5A9}.Debug|Any CPU.ActiveCfg = Debug|Any CPU
		{45DD2FA3-0735-4851-A103-67719EC1E5A9}.Debug|Any CPU.Build.0 = Debug|Any CPU
		{45DD2FA3-0735-4851-A103-67719EC1E5A9}.Release|Any CPU.ActiveCfg = Release|Any CPU
		{45DD2FA3-0735-4851-A103-67719EC1E5A9}.Release|Any CPU.Build.0 = Release|Any CPU
		{C7D86FA4-F0FF-44F7-9830-5616A7E49264}.Debug|Any CPU.ActiveCfg = Debug|Any CPU
		{C7D86FA4-F0FF-44F7-9830-5616A7E49264}.Debug|Any CPU.Build.0 = Debug|Any CPU
		{C7D86FA4-F0FF-44F7-9830-5616A7E49264}.Release|Any CPU.ActiveCfg = Release|Any CPU
		{C7D86FA4-F0FF-44F7-9830-5616A7E49264}.Release|Any CPU.Build.0 = Release|Any CPU
		{386448BD-5DD2-452F-961E-C5D62EE86929}.Debug|Any CPU.ActiveCfg = Debug|Any CPU
		{386448BD-5DD2-452F-961E-C5D62EE86929}.Debug|Any CPU.Build.0 = Debug|Any CPU
		{386448BD-5DD2-452F-961E-C5D62EE86929}.Release|Any CPU.ActiveCfg = Release|Any CPU
		{386448BD-5DD2-452F-961E-C5D62EE86929}.Release|Any CPU.Build.0 = Release|Any CPU
	EndGlobalSection
	GlobalSection(SolutionProperties) = preSolution
		HideSolutionNode = FALSE
	EndGlobalSection
	GlobalSection(NestedProjects) = preSolution
		{70375429-D256-47E8-816D-9EFEA16AA028} = {C63DD1A1-DA59-440F-8AA6-0C7D33CDB3E4}
		{166704E0-6790-45F7-9E0E-70940BC11604} = {21C2315D-0BCF-4DEA-BFCA-12D603D045D9}
		{996EFCE8-503B-4544-A59F-2785757F10DB} = {22524F23-A8AD-4289-9CDF-B6545DBCCB8F}
		{AFAA1AC3-189D-4263-A489-B3C8404F69A2} = {A6361A25-DD53-4601-A330-AEB037B0C13E}
		{45DD2FA3-0735-4851-A103-67719EC1E5A9} = {74334D24-6FD6-47BF-8B64-774194B4C52B}
		{C7D86FA4-F0FF-44F7-9830-5616A7E49264} = {C63DD1A1-DA59-440F-8AA6-0C7D33CDB3E4}
		{386448BD-5DD2-452F-961E-C5D62EE86929} = {74334D24-6FD6-47BF-8B64-774194B4C52B}
		{22524F23-A8AD-4289-9CDF-B6545DBCCB8F} = {2C539610-EE6F-46F0-90A5-DAA633EDBB11}
		{A6361A25-DD53-4601-A330-AEB037B0C13E} = {2C539610-EE6F-46F0-90A5-DAA633EDBB11}
	EndGlobalSection
	GlobalSection(ExtensibilityGlobals) = postSolution
		SolutionGuid = {B7A196A9-1484-4551-8478-F931D6840ABA}
	EndGlobalSection
EndGlobal
